
Microsoft Visual Studio Solution File, Format Version 12.00
# Visual Studio Version 17
VisualStudioVersion = 17.14.36915.13
MinimumVisualStudioVersion = 10.0.40219.1
Project("{FAE04EC0-301F-11D3-BF4B-00C04F79EFBC}") = "VinhKhanhTrip", "VinhKhanhTrip\VinhKhanhTrip.csproj", "{17C437F2-B6A9-4E68-B631-C993D6C805E1}"
EndProject
Global
	GlobalSection(SolutionConfigurationPlatforms) = preSolution
		Debug|Any CPU = Debug|Any CPU
		Release|Any CPU = Release|Any CPU
	EndGlobalSection
	GlobalSection(ProjectConfigurationPlatforms) = postSolution
		{17C437F2-B6A9-4E68-B631-C993D6C805E1}.Debug|Any CPU.ActiveCfg = Debug|Any CPU
		{17C437F2-B6A9-4E68-B631-C993D6C805E1}.Debug|Any CPU.Build.0 = Debug|Any CPU
		{17C437F2-B6A9-4E68-B631-C993D6C805E1}.Debug|Any CPU.Deploy.0 = Debug|Any CPU
		{17C437F2-B6A9-4E68-B631-C993D6C805E1}.Release|Any CPU.ActiveCfg = Release|Any CPU
		{17C437F2-B6A9-4E68-B631-C993D6C805E1}.Release|Any CPU.Build.0 = Release|Any CPU
		{17C437F2-B6A9-4E68-B631-C993D6C805E1}.Release|Any CPU.Deploy.0 = Release|Any CPU
	EndGlobalSection
	GlobalSection(SolutionProperties) = preSolution
		HideSolutionNode = FALSE
	EndGlobalSection
	GlobalSection(ExtensibilityGlobals) = postSolution
		SolutionGuid = {48423395-D675-439F-A0D8-C234BDB35B53}
	EndGlobalSection
EndGlobal
